
Microsoft Visual Studio Solution File, Format Version 12.00
# Visual Studio Version 17
VisualStudioVersion = 17.8.34330.188
MinimumVisualStudioVersion = 10.0.40219.1
Project("{FAE04EC0-301F-11D3-BF4B-00C04F79EFBC}") = "GameSettings", "GameSettings\GameSettings.csproj", "{E5C8E2BE-CBF4-453D-A423-052D5F891B18}"
EndProject
Global
	GlobalSection(SolutionConfigurationPlatforms) = preSolution
		Debug|Any CPU = Debug|Any CPU
		Release|Any CPU = Release|Any CPU
	EndGlobalSection
	GlobalSection(ProjectConfigurationPlatforms) = postSolution
		{E5C8E2BE-CBF4-453D-A423-052D5F891B18}.Debug|Any CPU.ActiveCfg = Debug|Any CPU
		{E5C8E2BE-CBF4-453D-A423-052D5F891B18}.Debug|Any CPU.Build.0 = Debug|Any CPU
		{E5C8E2BE-CBF4-453D-A423-052D5F891B18}.Release|Any CPU.ActiveCfg = Release|Any CPU
		{E5C8E2BE-CBF4-453D-A423-052D5F891B18}.Release|Any CPU.Build.0 = Release|Any CPU
	EndGlobalSection
	GlobalSection(SolutionProperties) = preSolution
		HideSolutionNode = FALSE
	EndGlobalSection
	GlobalSection(ExtensibilityGlobals) = postSolution
		SolutionGuid = {678A6E39-88F0-4BDD-95B1-0D3807CBC801}
	EndGlobalSection
EndGlobal
